
Microsoft Visual Studio Solution File, Format Version 12.00
# Visual Studio Version 17
VisualStudioVersion = 17.9.34622.214
MinimumVisualStudioVersion = 10.0.40219.1
Project("{FAE04EC0-301F-11D3-BF4B-00C04F79EFBC}") = "HelloWorldWinform", "HelloWorldWinform\HelloWorldWinform.csproj", "{B90EBAC1-7AE4-44D4-A492-33B284CE74BA}"
EndProject
Global
	GlobalSection(SolutionConfigurationPlatforms) = preSolution
		Debug|Any CPU = Debug|Any CPU
		Release|Any CPU = Release|Any CPU
	EndGlobalSection
	GlobalSection(ProjectConfigurationPlatforms) = postSolution
		{B90EBAC1-7AE4-44D4-A492-33B284CE74BA}.Debug|Any CPU.ActiveCfg = Debug|Any CPU
		{B90EBAC1-7AE4-44D4-A492-33B284CE74BA}.Debug|Any CPU.Build.0 = Debug|Any CPU
		{B90EBAC1-7AE4-44D4-A492-33B284CE74BA}.Release|Any CPU.ActiveCfg = Release|Any CPU
		{B90EBAC1-7AE4-44D4-A492-33B284CE74BA}.Release|Any CPU.Build.0 = Release|Any CPU
	EndGlobalSection
	GlobalSection(SolutionProperties) = preSolution
		HideSolutionNode = FALSE
	EndGlobalSection
	GlobalSection(ExtensibilityGlobals) = postSolution
		SolutionGuid = {71D8E20C-DEC6-4EC2-9D6A-4A8B7AE1DAD3}
	EndGlobalSection
EndGlobal
